
Microsoft Visual Studio Solution File, Format Version 12.00
# Visual Studio Version 17
VisualStudioVersion = 17.7.34202.233
MinimumVisualStudioVersion = 10.0.40219.1
Project("{FAE04EC0-301F-11D3-BF4B-00C04F79EFBC}") = "orderTest", "orderTest\orderTest.csproj", "{F24FBB09-F13A-4557-9C7E-DCCA04CD0963}"
EndProject
Global
	GlobalSection(SolutionConfigurationPlatforms) = preSolution
		Debug|Any CPU = Debug|Any CPU
		Release|Any CPU = Release|Any CPU
	EndGlobalSection
	GlobalSection(ProjectConfigurationPlatforms) = postSolution
		{F24FBB09-F13A-4557-9C7E-DCCA04CD0963}.Debug|Any CPU.ActiveCfg = Debug|Any CPU
		{F24FBB09-F13A-4557-9C7E-DCCA04CD0963}.Debug|Any CPU.Build.0 = Debug|Any CPU
		{F24FBB09-F13A-4557-9C7E-DCCA04CD0963}.Release|Any CPU.ActiveCfg = Release|Any CPU
		{F24FBB09-F13A-4557-9C7E-DCCA04CD0963}.Release|Any CPU.Build.0 = Release|Any CPU
	EndGlobalSection
	GlobalSection(SolutionProperties) = preSolution
		HideSolutionNode = FALSE
	EndGlobalSection
	GlobalSection(ExtensibilityGlobals) = postSolution
		SolutionGuid = {4CBE27BA-3030-4308-AD40-235B8E417426}
	EndGlobalSection
EndGlobal
